
Microsoft Visual Studio Solution File, Format Version 12.00
# Visual Studio Version 17
VisualStudioVersion = 17.0.31611.283
MinimumVisualStudioVersion = 10.0.40219.1
Project("{9A19103F-16F7-4668-BE54-9A1E7A4F7556}") = "Maui.ConsumeRest", "Maui.ConsumeRest\Maui.ConsumeRest.csproj", "{0211A1F3-1C7F-4BC6-BDD1-687689E7FB9F}"
EndProject
Project("{9A19103F-16F7-4668-BE54-9A1E7A4F7556}") = "Maui.ConsumeRest.HttpClientExample", "Maui.ConsumeRest.HttpClientExample\Maui.ConsumeRest.HttpClientExample.csproj", "{6964EE16-0D33-4E9E-8F9D-5F9E1A661596}"
EndProject
Global
	GlobalSection(SolutionConfigurationPlatforms) = preSolution
		Debug|Any CPU = Debug|Any CPU
		Release|Any CPU = Release|Any CPU
	EndGlobalSection
	GlobalSection(ProjectConfigurationPlatforms) = postSolution
		{0211A1F3-1C7F-4BC6-BDD1-687689E7FB9F}.Debug|Any CPU.ActiveCfg = Debug|Any CPU
		{0211A1F3-1C7F-4BC6-BDD1-687689E7FB9F}.Debug|Any CPU.Build.0 = Debug|Any CPU
		{0211A1F3-1C7F-4BC6-BDD1-687689E7FB9F}.Debug|Any CPU.Deploy.0 = Debug|Any CPU
		{0211A1F3-1C7F-4BC6-BDD1-687689E7FB9F}.Release|Any CPU.ActiveCfg = Release|Any CPU
		{0211A1F3-1C7F-4BC6-BDD1-687689E7FB9F}.Release|Any CPU.Build.0 = Release|Any CPU
		{0211A1F3-1C7F-4BC6-BDD1-687689E7FB9F}.Release|Any CPU.Deploy.0 = Release|Any CPU
		{6964EE16-0D33-4E9E-8F9D-5F9E1A661596}.Debug|Any CPU.ActiveCfg = Debug|Any CPU
		{6964EE16-0D33-4E9E-8F9D-5F9E1A661596}.Debug|Any CPU.Build.0 = Debug|Any CPU
		{6964EE16-0D33-4E9E-8F9D-5F9E1A661596}.Debug|Any CPU.Deploy.0 = Debug|Any CPU
		{6964EE16-0D33-4E9E-8F9D-5F9E1A661596}.Release|Any CPU.ActiveCfg = Release|Any CPU
		{6964EE16-0D33-4E9E-8F9D-5F9E1A661596}.Release|Any CPU.Build.0 = Release|Any CPU
		{6964EE16-0D33-4E9E-8F9D-5F9E1A661596}.Release|Any CPU.Deploy.0 = Release|Any CPU
	EndGlobalSection
	GlobalSection(SolutionProperties) = preSolution
		HideSolutionNode = FALSE
	EndGlobalSection
	GlobalSection(ExtensibilityGlobals) = postSolution
		SolutionGuid = {61F7FB11-1E47-470C-91E2-47F8143E1572}
	EndGlobalSection
EndGlobal
